<?xml version="1.0" encoding="utf-8"?>
<Project ToolsVersion="4.0" xmlns="http://schemas.microsoft.com/developer/msbuild/2003">
  <ItemGroup>
    <Filter Include="Source Files">
      <UniqueIdentifier>{4FC737F1-C7A5-4376-A066-2A32D752A2FF}</UniqueIdentifier>
      <Extensions>cpp;c;cc;cxx;c++;cppm;ixx;def;odl;idl;hpj;bat;asm;asmx</Extensions>
    </Filter>
    <Filter Include="Header Files">
      <UniqueIdentifier>{93995380-89BD-4b04-88EB-625FBE52EBFB}</UniqueIdentifier>
      <Extensions>h;hh;hpp;hxx;h++;hm;inl;inc;ipp;xsd</Extensions>
    </Filter>
    <Filter Include="Resource Files">
      <UniqueIdentifier>{67DA6AB6-F800-4c08-8B7A-83BB121AAD01}</UniqueIdentifier>
      <Extensions>rc;ico;cur;bmp;dlg;rc2;rct;bin;rgs;gif;jpg;jpeg;jpe;resx;tiff;tif;png;wav;mfcribbon-ms</Extensions>
    </Filter>
  </ItemGroup>
  <ItemGroup>
    <ClCompile Include="main.cpp">
      <Filter>Source Files</Filter>
    </ClCompile>
    <ClCompile Include="EmuCore\FileHelpers\PathValidation.cpp">
      <Filter>Source Files</Filter>
    </ClCompile>
  </ItemGroup>
  <ItemGroup>
    <ClInclude Include="EmuCore\TestingHelpers\LoopingTestHarness.h">
      <Filter>Header Files</Filter>
    </ClInclude>
    <ClInclude Include="EmuCore\FileHelpers\PathValidation.h">
      <Filter>Header Files</Filter>
    </ClInclude>
    <ClInclude Include="EmuCore\ArithmeticHelpers\CommonValues.h">
      <Filter>Header Files</Filter>
    </ClInclude>
    <ClInclude Include="Tests.hpp">
      <Filter>Header Files</Filter>
    </ClInclude>
    <ClInclude Include="EmuCore\TMPHelpers\TypeComparators.h">
      <Filter>Header Files</Filter>
    </ClInclude>
    <ClInclude Include="EmuCore\TMPHelpers\TypeConvertors.h">
      <Filter>Header Files</Filter>
    </ClInclude>
    <ClInclude Include="EmuCore\TMPHelpers\Functors.h">
      <Filter>Header Files</Filter>
    </ClInclude>
    <ClInclude Include="EmuMath\NoOverflowT.h">
      <Filter>Header Files</Filter>
    </ClInclude>
    <ClInclude Include="EmuMath\SIMDHelpers.h">
      <Filter>Header Files</Filter>
    </ClInclude>
    <ClInclude Include="EmuCore\ArithmeticHelpers\BitHelpers.h">
      <Filter>Header Files</Filter>
    </ClInclude>
    <ClInclude Include="EmuMath\_do_not_manually_include\_vectors\VectorT.h">
      <Filter>Header Files</Filter>
    </ClInclude>
    <ClInclude Include="EmuMath\_do_not_manually_include\_vectors\VectorHelpers.h">
      <Filter>Header Files</Filter>
    </ClInclude>
    <ClInclude Include="EmuMath\_do_not_manually_include\_vectors\VectorHelpersUnderlying.h">
      <Filter>Header Files</Filter>
    </ClInclude>
    <ClInclude Include="EmuMath\_do_not_manually_include\_vectors\VectorTMP.h">
      <Filter>Header Files</Filter>
    </ClInclude>
    <ClInclude Include="EmuMath\Vector.h">
      <Filter>Header Files</Filter>
    </ClInclude>
    <ClInclude Include="EmuCore\Functors\Arithmetic.h">
      <Filter>Header Files</Filter>
    </ClInclude>
    <ClInclude Include="EmuCore\ArithmeticHelpers\CommonMath.h">
      <Filter>Header Files</Filter>
    </ClInclude>
    <ClInclude Include="EmuCore\Functors\Comparators.h">
      <Filter>Header Files</Filter>
    </ClInclude>
    <ClInclude Include="EmuCore\Functors\Bitwise.h">
      <Filter>Header Files</Filter>
    </ClInclude>
    <ClInclude Include="EmuCore\CommonTypes\DeferrableReferenceWrapper.h">
      <Filter>Header Files</Filter>
    </ClInclude>
    <ClInclude Include="EmuMath\_do_not_manually_include\_vectors\Vector2.h">
      <Filter>Header Files</Filter>
    </ClInclude>
    <ClInclude Include="EmuMath\_do_not_manually_include\_vectors\VectorInfo.h">
      <Filter>Header Files</Filter>
    </ClInclude>
    <ClInclude Include="EmuMath\_do_not_manually_include\_vectors\Vector3.h">
      <Filter>Header Files</Filter>
    </ClInclude>
    <ClInclude Include="EmuMath\_do_not_manually_include\_vectors\Vector4.h">
      <Filter>Header Files</Filter>
    </ClInclude>
    <ClInclude Include="EmuMath\FastVector.h">
      <Filter>Header Files</Filter>
    </ClInclude>
    <ClInclude Include="EmuMath\_do_not_manually_include\_vectors\FastVector4f.h">
      <Filter>Header Files</Filter>
    </ClInclude>
    <ClInclude Include="EmuMath\_do_not_manually_include\_matrices\MatrixT.h">
      <Filter>Header Files</Filter>
    </ClInclude>
    <ClInclude Include="EmuMath\Matrix.h">
      <Filter>Header Files</Filter>
    </ClInclude>
    <ClInclude Include="EmuMath\_do_not_manually_include\_matrices\MatrixHelpers.h">
      <Filter>Header Files</Filter>
    </ClInclude>
    <ClInclude Include="EmuMath\_do_not_manually_include\_matrices\MatrixTMP.h">
      <Filter>Header Files</Filter>
    </ClInclude>
    <ClInclude Include="EmuCore\TMPHelpers\Tuples.h">
      <Filter>Header Files</Filter>
    </ClInclude>
    <ClInclude Include="EmuMath\_do_not_manually_include\_matrices\_helpers_underlying\_common_underlying_matrix_helper_includes.h">
      <Filter>Header Files</Filter>
    </ClInclude>
    <ClInclude Include="EmuMath\_do_not_manually_include\_matrices\_helpers_underlying\_matrix_gets_underlying.h">
      <Filter>Header Files</Filter>
    </ClInclude>
    <ClInclude Include="EmuMath\_do_not_manually_include\_matrices\_helpers_underlying\_matrix_validity_checks_underlying.h">
      <Filter>Header Files</Filter>
    </ClInclude>
    <ClInclude Include="EmuMath\_do_not_manually_include\_matrices\_helpers_underlying\_matrix_sets_underlying.h">
      <Filter>Header Files</Filter>
    </ClInclude>
    <ClInclude Include="EmuMath\_do_not_manually_include\_matrices\_helpers_underlying\_matrix_reinterpretations_underlying.h">
      <Filter>Header Files</Filter>
    </ClInclude>
    <ClInclude Include="EmuMath\_do_not_manually_include\_matrices\_helpers_underlying\_matrix_arithmetic_underlying.h">
      <Filter>Header Files</Filter>
    </ClInclude>
    <ClInclude Include="EmuMath\_do_not_manually_include\_matrices\_helpers_underlying\_matrix_operations_underlying.h">
      <Filter>Header Files</Filter>
    </ClInclude>
    <ClInclude Include="EmuMath\_do_not_manually_include\_matrices\_helpers_underlying\_matrix_transformations_underlying.h">
      <Filter>Header Files</Filter>
    </ClInclude>
    <ClInclude Include="EmuMath\_do_not_manually_include\_matrices\_helpers\_common_matrix_helper_includes.h">
      <Filter>Header Files</Filter>
    </ClInclude>
    <ClInclude Include="EmuMath\_do_not_manually_include\_matrices\_helpers\_matrix_gets.h">
      <Filter>Header Files</Filter>
    </ClInclude>
    <ClInclude Include="EmuMath\_do_not_manually_include\_matrices\_helpers\_matrix_reinterpretations.h">
      <Filter>Header Files</Filter>
    </ClInclude>
    <ClInclude Include="EmuMath\_do_not_manually_include\_matrices\_helpers\_matrix_arithmetic.h">
      <Filter>Header Files</Filter>
    </ClInclude>
    <ClInclude Include="EmuMath\_do_not_manually_include\_matrices\_helpers\_matrix_operations.h">
      <Filter>Header Files</Filter>
    </ClInclude>
    <ClInclude Include="EmuMath\_do_not_manually_include\_matrices\_helpers\_matrix_transformations.h">
      <Filter>Header Files</Filter>
    </ClInclude>
    <ClInclude Include="EmuCore\Events\Event.h">
      <Filter>Header Files</Filter>
    </ClInclude>
    <ClInclude Include="EmuCore\Events\EventDispatcher.h">
      <Filter>Header Files</Filter>
    </ClInclude>
    <ClInclude Include="EmuCore\Events\EventInvoker.h">
      <Filter>Header Files</Filter>
    </ClInclude>
    <ClInclude Include="EmuCore\Events\ThreadSafeEvent.h">
      <Filter>Header Files</Filter>
    </ClInclude>
    <ClInclude Include="EmuMath\_do_not_manually_include\_matrices\_helpers\_matrix_projections.h">
      <Filter>Header Files</Filter>
    </ClInclude>
    <ClInclude Include="EmuMath\_do_not_manually_include\_matrices\_helpers_underlying\_matrix_projections_underlying.h">
      <Filter>Header Files</Filter>
    </ClInclude>
    <ClInclude Include="EmuMath\_do_not_manually_include\_matrices\_helpers\_matrix_sets.h">
      <Filter>Header Files</Filter>
    </ClInclude>
    <ClInclude Include="EmuMath\_do_not_manually_include\_matrices\_helpers\_matrix_bitwise.h">
      <Filter>Header Files</Filter>
    </ClInclude>
    <ClInclude Include="EmuMath\_do_not_manually_include\_matrices\_helpers\_matrix_comparisons.h">
      <Filter>Header Files</Filter>
    </ClInclude>
    <ClInclude Include="EmuMath\_do_not_manually_include\_matrices\_helpers_underlying\_matrix_comparisons_underlying.h">
      <Filter>Header Files</Filter>
    </ClInclude>
    <ClInclude Include="EmuCore\Functors\MiscMath.h">
      <Filter>Header Files</Filter>
    </ClInclude>
    <ClInclude Include="EmuMath\_do_not_manually_include\_matrices\_helpers\_functors_matrix_arithmetic.h">
      <Filter>Header Files</Filter>
    </ClInclude>
    <ClInclude Include="EmuMath\_do_not_manually_include\_matrices\MatrixInfo.h">
      <Filter>Header Files</Filter>
    </ClInclude>
    <ClInclude Include="EmuMath\_do_not_manually_include\_matrices\Matrix4x4.h">
      <Filter>Header Files</Filter>
    </ClInclude>
    <ClInclude Include="EmuMath\_do_not_manually_include\_matrices\FastMatrix4x4f.h">
      <Filter>Header Files</Filter>
    </ClInclude>
    <ClInclude Include="EmuMath\FastMatrix.h">
      <Filter>Header Files</Filter>
    </ClInclude>
    <ClInclude Include="EmuMath\_do_not_manually_include\_simd_helpers\_simd_helpers_bits.h">
      <Filter>Header Files</Filter>
    </ClInclude>
    <ClInclude Include="EmuMath\_do_not_manually_include\_simd_helpers\_common_simd_helpers_includes.h">
      <Filter>Header Files</Filter>
    </ClInclude>
    <ClInclude Include="EmuMath\_do_not_manually_include\_simd_helpers\_simd_helpers_masks.h">
      <Filter>Header Files</Filter>
    </ClInclude>
    <ClInclude Include="EmuMath\_do_not_manually_include\_simd_helpers\_simd_helpers_comparisons.h">
      <Filter>Header Files</Filter>
    </ClInclude>
    <ClInclude Include="EmuMath\_do_not_manually_include\_simd_helpers\_simd_helpers_arithmetic.h">
      <Filter>Header Files</Filter>
    </ClInclude>
    <ClInclude Include="EmuMath\_do_not_manually_include\_simd_helpers\_simd_helpers_shuffles.h">
      <Filter>Header Files</Filter>
    </ClInclude>
    <ClInclude Include="EmuMath\_do_not_manually_include\_simd_helpers\_simd_helpers_access.h">
      <Filter>Header Files</Filter>
    </ClInclude>
    <ClInclude Include="EmuCore\TMPHelpers\Values.h">
      <Filter>Header Files</Filter>
    </ClInclude>
    <ClInclude Include="EmuMath\Noise.h">
      <Filter>Header Files</Filter>
    </ClInclude>
    <ClInclude Include="EmuMath\_do_not_manually_include\_noise\NoiseTable.h">
      <Filter>Header Files</Filter>
    </ClInclude>
    <ClInclude Include="EmuMath\_do_not_manually_include\_noise\_noise_gen_functors\NoiseGen1D.h">
      <Filter>Header Files</Filter>
    </ClInclude>
    <ClInclude Include="EmuMath\_do_not_manually_include\_noise\_noise_info\NoiseType.h">
      <Filter>Header Files</Filter>
    </ClInclude>
    <ClInclude Include="EmuMath\Random.h">
      <Filter>Header Files</Filter>
    </ClInclude>
    <ClInclude Include="EmuMath\_do_not_manually_include\_random\RngWrapper.h">
      <Filter>Header Files</Filter>
    </ClInclude>
    <ClInclude Include="EmuMath\_do_not_manually_include\_random\ShuffledIntSequence.h">
      <Filter>Header Files</Filter>
    </ClInclude>
    <ClInclude Include="EmuMath\_do_not_manually_include\_noise\_noise_gen_functors\_common_noise_gen_functor_includes.h">
      <Filter>Header Files</Filter>
    </ClInclude>
    <ClInclude Include="EmuMath\_do_not_manually_include\_noise\NoiseFunctors.h">
      <Filter>Header Files</Filter>
    </ClInclude>
    <ClInclude Include="EmuMath\_do_not_manually_include\_noise\_noise_gen_functors\NoiseGen2D.h">
      <Filter>Header Files</Filter>
    </ClInclude>
    <ClInclude Include="EmuMath\_do_not_manually_include\_noise\NoiseSampleProcessors.h">
      <Filter>Header Files</Filter>
    </ClInclude>
    <ClInclude Include="EmuMath\_do_not_manually_include\_noise\_noise_gen_functors\NoiseGen3D.h">
      <Filter>Header Files</Filter>
    </ClInclude>
    <ClInclude Include="EmuMath\_do_not_manually_include\_noise\NoiseTMP.h">
      <Filter>Header Files</Filter>
    </ClInclude>
    <ClInclude Include="EmuMath\_do_not_manually_include\_noise\NoiseTableOptions.h">
      <Filter>Header Files</Filter>
    </ClInclude>
    <ClInclude Include="EmuMath\_do_not_manually_include\_noise\_noise_info\NoisePermutationInfo.h">
      <Filter>Header Files</Filter>
    </ClInclude>
    <ClInclude Include="EmuMath\_do_not_manually_include\_noise\_noise_info\FractalNoiseInfo.h">
      <Filter>Header Files</Filter>
    </ClInclude>
    <ClInclude Include="EmuMath\_do_not_manually_include\_noise\_noise_gen_functors\FractalNoiseWrapper.h">
      <Filter>Header Files</Filter>
    </ClInclude>
    <ClInclude Include="EmuMath\_do_not_manually_include\_noise\NoiseSampleProcessorAnalytics.h">
      <Filter>Header Files</Filter>
    </ClInclude>
  </ItemGroup>
</Project>