<?xml version="1.0" encoding="utf-8"?>
<Project ToolsVersion="4.0" xmlns="http://schemas.microsoft.com/developer/msbuild/2003">
  <ItemGroup>
    <Filter Include="Source Files">
      <UniqueIdentifier>{4FC737F1-C7A5-4376-A066-2A32D752A2FF}</UniqueIdentifier>
      <Extensions>cpp;c;cc;cxx;c++;cppm;ixx;def;odl;idl;hpj;bat;asm;asmx</Extensions>
    </Filter>
    <Filter Include="Header Files">
      <UniqueIdentifier>{93995380-89BD-4b04-88EB-625FBE52EBFB}</UniqueIdentifier>
      <Extensions>h;hh;hpp;hxx;h++;hm;inl;inc;ipp;xsd</Extensions>
    </Filter>
    <Filter Include="Resource Files">
      <UniqueIdentifier>{67DA6AB6-F800-4c08-8B7A-83BB121AAD01}</UniqueIdentifier>
      <Extensions>rc;ico;cur;bmp;dlg;rc2;rct;bin;rgs;gif;jpg;jpeg;jpe;resx;tiff;tif;png;wav;mfcribbon-ms</Extensions>
    </Filter>
  </ItemGroup>
  <ItemGroup>
    <ClCompile Include="main.cpp">
      <Filter>Source Files</Filter>
    </ClCompile>
    <ClCompile Include="EmuCore\FileHelpers\PathValidation.cpp">
      <Filter>Source Files</Filter>
    </ClCompile>
  </ItemGroup>
  <ItemGroup>
    <ClInclude Include="EmuCore\TestingHelpers\LoopingTestHarness.h">
      <Filter>Header Files</Filter>
    </ClInclude>
    <ClInclude Include="EmuCore\FileHelpers\PathValidation.h">
      <Filter>Header Files</Filter>
    </ClInclude>
    <ClInclude Include="EmuCore\ArithmeticHelpers\CommonValues.h">
      <Filter>Header Files</Filter>
    </ClInclude>
    <ClInclude Include="Tests.hpp">
      <Filter>Header Files</Filter>
    </ClInclude>
    <ClInclude Include="EmuCore\TMPHelpers\TypeComparators.h">
      <Filter>Header Files</Filter>
    </ClInclude>
    <ClInclude Include="EmuCore\TMPHelpers\TypeConvertors.h">
      <Filter>Header Files</Filter>
    </ClInclude>
    <ClInclude Include="EmuSIMD\SIMDHelpers.h">
      <Filter>Header Files</Filter>
    </ClInclude>
    <ClInclude Include="EmuCore\ArithmeticHelpers\BitHelpers.h">
      <Filter>Header Files</Filter>
    </ClInclude>
    <ClInclude Include="EmuMath\Vector.h">
      <Filter>Header Files</Filter>
    </ClInclude>
    <ClInclude Include="EmuCore\Functors\Arithmetic.h">
      <Filter>Header Files</Filter>
    </ClInclude>
    <ClInclude Include="EmuCore\ArithmeticHelpers\CommonMath.h">
      <Filter>Header Files</Filter>
    </ClInclude>
    <ClInclude Include="EmuCore\Functors\Comparators.h">
      <Filter>Header Files</Filter>
    </ClInclude>
    <ClInclude Include="EmuCore\Functors\Bitwise.h">
      <Filter>Header Files</Filter>
    </ClInclude>
    <ClInclude Include="EmuCore\CommonTypes\DeferrableReferenceWrapper.h">
      <Filter>Header Files</Filter>
    </ClInclude>
    <ClInclude Include="EmuCore\TMPHelpers\Tuples.h">
      <Filter>Header Files</Filter>
    </ClInclude>
    <ClInclude Include="EmuCore\Events\Event.h">
      <Filter>Header Files</Filter>
    </ClInclude>
    <ClInclude Include="EmuCore\Events\EventDispatcher.h">
      <Filter>Header Files</Filter>
    </ClInclude>
    <ClInclude Include="EmuCore\Events\EventInvoker.h">
      <Filter>Header Files</Filter>
    </ClInclude>
    <ClInclude Include="EmuCore\Events\ThreadSafeEvent.h">
      <Filter>Header Files</Filter>
    </ClInclude>
    <ClInclude Include="EmuCore\Functors\MiscMath.h">
      <Filter>Header Files</Filter>
    </ClInclude>
    <ClInclude Include="EmuSIMD\_do_not_manually_include\_simd_helpers\_common_simd_helpers_includes.h">
      <Filter>Header Files</Filter>
    </ClInclude>
    <ClInclude Include="EmuSIMD\_do_not_manually_include\_simd_helpers\_simd_helpers_arithmetic.h">
      <Filter>Header Files</Filter>
    </ClInclude>
    <ClInclude Include="EmuSIMD\_do_not_manually_include\_simd_helpers\_template_helpers\_simd_helpers_template_shuffles.h">
      <Filter>Header Files</Filter>
    </ClInclude>
    <ClInclude Include="EmuCore\TMPHelpers\Values.h">
      <Filter>Header Files</Filter>
    </ClInclude>
    <ClInclude Include="EmuMath\Noise.h">
      <Filter>Header Files</Filter>
    </ClInclude>
    <ClInclude Include="EmuMath\_do_not_manually_include\_noise\_noise_table.h">
      <Filter>Header Files</Filter>
    </ClInclude>
    <ClInclude Include="EmuMath\_do_not_manually_include\_noise\_noise_gen_functors\_scalar_noise_gen_1d.h">
      <Filter>Header Files</Filter>
    </ClInclude>
    <ClInclude Include="EmuMath\_do_not_manually_include\_noise\_noise_info\_noise_type.h">
      <Filter>Header Files</Filter>
    </ClInclude>
    <ClInclude Include="EmuMath\Random.h">
      <Filter>Header Files</Filter>
    </ClInclude>
    <ClInclude Include="EmuMath\_do_not_manually_include\_random\_rng_wrapper.h">
      <Filter>Header Files</Filter>
    </ClInclude>
    <ClInclude Include="EmuMath\_do_not_manually_include\_random\_shuffled_int_sequence.h">
      <Filter>Header Files</Filter>
    </ClInclude>
    <ClInclude Include="EmuMath\_do_not_manually_include\_noise\_noise_gen_functors\_common_noise_gen_functor_includes.h">
      <Filter>Header Files</Filter>
    </ClInclude>
    <ClInclude Include="EmuMath\_do_not_manually_include\_noise\_scalar_noise_functors.h">
      <Filter>Header Files</Filter>
    </ClInclude>
    <ClInclude Include="EmuMath\_do_not_manually_include\_noise\_noise_gen_functors\_scalar_noise_gen_2d.h">
      <Filter>Header Files</Filter>
    </ClInclude>
    <ClInclude Include="EmuMath\_do_not_manually_include\_noise\_scalar_noise_sample_processors.h">
      <Filter>Header Files</Filter>
    </ClInclude>
    <ClInclude Include="EmuMath\_do_not_manually_include\_noise\_noise_gen_functors\_scalar_noise_gen_3d.h">
      <Filter>Header Files</Filter>
    </ClInclude>
    <ClInclude Include="EmuMath\_do_not_manually_include\_noise\_noise_tmp.h">
      <Filter>Header Files</Filter>
    </ClInclude>
    <ClInclude Include="EmuMath\_do_not_manually_include\_noise\_noise_table_options.h">
      <Filter>Header Files</Filter>
    </ClInclude>
    <ClInclude Include="EmuMath\_do_not_manually_include\_noise\_noise_info\_noise_permutation_info.h">
      <Filter>Header Files</Filter>
    </ClInclude>
    <ClInclude Include="EmuMath\_do_not_manually_include\_noise\_noise_info\_fractal_noise_info.h">
      <Filter>Header Files</Filter>
    </ClInclude>
    <ClInclude Include="EmuMath\_do_not_manually_include\_noise\_noise_gen_functors\_fractal_noise_wrapper.h">
      <Filter>Header Files</Filter>
    </ClInclude>
    <ClInclude Include="EmuMath\_do_not_manually_include\_noise\_noise_sample_processor_analytics.h">
      <Filter>Header Files</Filter>
    </ClInclude>
    <ClInclude Include="EmuCore\Functors\Analytics.h">
      <Filter>Header Files</Filter>
    </ClInclude>
    <ClInclude Include="EmuMath\_do_not_manually_include\_noise\_noise_gen_functors\_noise_permutations.h">
      <Filter>Header Files</Filter>
    </ClInclude>
    <ClInclude Include="EmuMath\Colour.h">
      <Filter>Header Files</Filter>
    </ClInclude>
    <ClInclude Include="EmuMath\_do_not_manually_include\_colours\_colour_t.h">
      <Filter>Header Files</Filter>
    </ClInclude>
    <ClInclude Include="EmuMath\_do_not_manually_include\_colours\_helpers_underlying\_colour_tmp.h">
      <Filter>Header Files</Filter>
    </ClInclude>
    <ClInclude Include="EmuMath\_do_not_manually_include\_colours\_colour_helpers.h">
      <Filter>Header Files</Filter>
    </ClInclude>
    <ClInclude Include="EmuMath\_do_not_manually_include\_colours\_helpers_underlying\_colour_helpers_underlying.h">
      <Filter>Header Files</Filter>
    </ClInclude>
    <ClInclude Include="EmuMath\_do_not_manually_include\_colours\_helpers_underlying\_colour_helpers_underlying_common_includes.h">
      <Filter>Header Files</Filter>
    </ClInclude>
    <ClInclude Include="EmuMath\_do_not_manually_include\_colours\_wrapped_colour.h">
      <Filter>Header Files</Filter>
    </ClInclude>
    <ClInclude Include="EmuMath\_do_not_manually_include\_colours\_colour_validation_layer.h">
      <Filter>Header Files</Filter>
    </ClInclude>
    <ClInclude Include="EmuMath\_do_not_manually_include\_colours\_clamped_colour.h">
      <Filter>Header Files</Filter>
    </ClInclude>
    <ClInclude Include="EmuMath\_do_not_manually_include\_colours\_gradient.h">
      <Filter>Header Files</Filter>
    </ClInclude>
    <ClInclude Include="EmuMath\_do_not_manually_include\_colours\_colour_arithmetic_functors.h">
      <Filter>Header Files</Filter>
    </ClInclude>
    <ClInclude Include="EmuMath\_do_not_manually_include\_colours\_colour_constants.h">
      <Filter>Header Files</Filter>
    </ClInclude>
    <ClInclude Include="EmuMath\_do_not_manually_include\_colours\_colour_cmp_functors.h">
      <Filter>Header Files</Filter>
    </ClInclude>
    <ClInclude Include="EmuMath\_do_not_manually_include\_noise\_fast_noise_table.h">
      <Filter>Header Files</Filter>
    </ClInclude>
    <ClInclude Include="EmuMath\_do_not_manually_include\_noise\_fast_noise_sample_processors.h">
      <Filter>Header Files</Filter>
    </ClInclude>
    <ClInclude Include="EmuMath\FastNoise.h">
      <Filter>Header Files</Filter>
    </ClInclude>
    <ClInclude Include="EmuMath\_do_not_manually_include\_noise\_noise_gen_functors\_simd_fractal_noise_wrapper.h">
      <Filter>Header Files</Filter>
    </ClInclude>
    <ClInclude Include="EmuMath\_do_not_manually_include\_noise\_fast_noise_functors.h">
      <Filter>Header Files</Filter>
    </ClInclude>
    <ClInclude Include="EmuMath\_do_not_manually_include\_noise\_noise_gen_functors\_simd_noise_gen_3d.h">
      <Filter>Header Files</Filter>
    </ClInclude>
    <ClInclude Include="EmuSIMD\_do_not_manually_include\_simd_helpers\_template_helpers\_simd_helpers_template_aliases.h">
      <Filter>Header Files</Filter>
    </ClInclude>
    <ClInclude Include="EmuSIMD\_do_not_manually_include\_simd_helpers\_template_helpers\_underlying_template_helpers\_simd_helpers_underlying_tmp.h">
      <Filter>Header Files</Filter>
    </ClInclude>
    <ClInclude Include="EmuSIMD\_do_not_manually_include\_simd_helpers\_template_helpers\_simd_helpers_template_basic_arithmetic.h">
      <Filter>Header Files</Filter>
    </ClInclude>
    <ClInclude Include="EmuSIMD\_do_not_manually_include\_simd_helpers\_template_helpers\_underlying_template_helpers\_simd_helpers_underlying_set.h">
      <Filter>Header Files</Filter>
    </ClInclude>
    <ClInclude Include="EmuSIMD\_do_not_manually_include\_simd_helpers\_template_helpers\_underlying_template_helpers\_common_underlying_simd_template_helper_includes.h">
      <Filter>Header Files</Filter>
    </ClInclude>
    <ClInclude Include="EmuSIMD\_do_not_manually_include\_simd_helpers\_template_helpers\_underlying_template_helpers\_simd_helpers_underlying_stream.h">
      <Filter>Header Files</Filter>
    </ClInclude>
    <ClInclude Include="EmuSIMD\_do_not_manually_include\_simd_helpers\_template_helpers\_underlying_template_helpers\_simd_helpers_underlying_get.h">
      <Filter>Header Files</Filter>
    </ClInclude>
    <ClInclude Include="EmuSIMD\_do_not_manually_include\_simd_helpers\_template_helpers\_underlying_template_helpers\_simd_helpers_underlying_shuffle.h">
      <Filter>Header Files</Filter>
    </ClInclude>
    <ClInclude Include="EmuSIMD\_do_not_manually_include\_simd_helpers\_template_helpers\_underlying_template_helpers\_simd_helpers_underlying_shuffle_masks.h">
      <Filter>Header Files</Filter>
    </ClInclude>
    <ClInclude Include="EmuSIMD\_do_not_manually_include\_simd_helpers\_template_helpers\_underlying_template_helpers\_simd_helpers_underlying_basic_arithmetic.h">
      <Filter>Header Files</Filter>
    </ClInclude>
    <ClInclude Include="EmuSIMD\_do_not_manually_include\_simd_helpers\_template_helpers\_underlying_template_helpers\_simd_helpers_underlying_bitwise.h">
      <Filter>Header Files</Filter>
    </ClInclude>
    <ClInclude Include="EmuSIMD\_do_not_manually_include\_simd_helpers\_template_helpers\_underlying_template_helpers\_simd_helpers_underlying_index_masks.h">
      <Filter>Header Files</Filter>
    </ClInclude>
    <ClInclude Include="EmuSIMD\_do_not_manually_include\_simd_helpers\_template_helpers\_simd_helpers_template_streams.h">
      <Filter>Header Files</Filter>
    </ClInclude>
    <ClInclude Include="EmuSIMD\_do_not_manually_include\_simd_helpers\_template_helpers\_simd_helpers_template_sets.h">
      <Filter>Header Files</Filter>
    </ClInclude>
    <ClInclude Include="EmuSIMD\_do_not_manually_include\_simd_helpers\_template_helpers\_simd_helpers_template_bitwise.h">
      <Filter>Header Files</Filter>
    </ClInclude>
    <ClInclude Include="EmuSIMD\_do_not_manually_include\_simd_helpers\_template_helpers\_underlying_template_helpers\_simd_helpers_underlying_cmp.h">
      <Filter>Header Files</Filter>
    </ClInclude>
    <ClInclude Include="EmuSIMD\_do_not_manually_include\_simd_helpers\_template_helpers\_simd_helpers_template_gets.h">
      <Filter>Header Files</Filter>
    </ClInclude>
    <ClInclude Include="EmuSIMD\_do_not_manually_include\_simd_helpers\_template_helpers\_simd_helpers_template_index_masks.h">
      <Filter>Header Files</Filter>
    </ClInclude>
    <ClInclude Include="EmuSIMD\_do_not_manually_include\_simd_helpers\_template_helpers\_simd_helpers_template_common_arithmetic.h">
      <Filter>Header Files</Filter>
    </ClInclude>
    <ClInclude Include="EmuSIMD\_do_not_manually_include\_simd_helpers\_template_helpers\_underlying_template_helpers\_simd_helpers_underlying_blend.h">
      <Filter>Header Files</Filter>
    </ClInclude>
    <ClInclude Include="EmuSIMD\_do_not_manually_include\_simd_helpers\_template_helpers\_underlying_template_helpers\_simd_helpers_underlying_blend_mask.h">
      <Filter>Header Files</Filter>
    </ClInclude>
    <ClInclude Include="EmuSIMD\_do_not_manually_include\_simd_helpers\_template_helpers\_simd_helpers_template_blend.h">
      <Filter>Header Files</Filter>
    </ClInclude>
    <ClInclude Include="EmuSIMD\_do_not_manually_include\_simd_helpers\_template_helpers\_underlying_template_helpers\_simd_helpers_underlying_cast.h">
      <Filter>Header Files</Filter>
    </ClInclude>
    <ClInclude Include="EmuSIMD\_do_not_manually_include\_simd_helpers\_template_helpers\_simd_helpers_template_cast.h">
      <Filter>Header Files</Filter>
    </ClInclude>
    <ClInclude Include="EmuSIMD\_do_not_manually_include\_simd_helpers\_template_helpers\_simd_helpers_template_cmp.h">
      <Filter>Header Files</Filter>
    </ClInclude>
    <ClInclude Include="EmuSIMD\_do_not_manually_include\_simd_helpers\_template_helpers\_underlying_template_helpers\_simd_helpers_underlying_movemasks.h">
      <Filter>Header Files</Filter>
    </ClInclude>
    <ClInclude Include="EmuSIMD\_do_not_manually_include\_simd_helpers\_template_helpers\_simd_helpers_template_movemask.h">
      <Filter>Header Files</Filter>
    </ClInclude>
    <ClInclude Include="EmuThreads\ThreadPool.h">
      <Filter>Header Files</Filter>
    </ClInclude>
    <ClInclude Include="EmuThreads\Functors\default_work_allocator.h">
      <Filter>Header Files</Filter>
    </ClInclude>
    <ClInclude Include="EmuThreads\ThreadSafeHelpers.h">
      <Filter>Header Files</Filter>
    </ClInclude>
    <ClInclude Include="EmuThreads\Functors\default_thread_allocator.h">
      <Filter>Header Files</Filter>
    </ClInclude>
    <ClInclude Include="EmuThreads\TMP\ThreadPoolTMP.h">
      <Filter>Header Files</Filter>
    </ClInclude>
    <ClInclude Include="EmuThreads\Functors\prioritised_work_allocator.h">
      <Filter>Header Files</Filter>
    </ClInclude>
    <ClInclude Include="EmuThreads\TMP\BindTMP.h">
      <Filter>Header Files</Filter>
    </ClInclude>
    <ClInclude Include="EmuThreads\TMP\CommonThreadingAliases.h">
      <Filter>Header Files</Filter>
    </ClInclude>
    <ClInclude Include="EmuThreads\ParallelFor.h">
      <Filter>Header Files</Filter>
    </ClInclude>
    <ClInclude Include="EmuThreads\Functors\ParallelLoopFunctors\default_parallel_loop_iteration_allocator.h">
      <Filter>Header Files</Filter>
    </ClInclude>
    <ClInclude Include="EmuThreads\Functors\ParallelLoopFunctors\default_parallel_loop_incrementer.h">
      <Filter>Header Files</Filter>
    </ClInclude>
    <ClInclude Include="EmuThreads\Functors\ParallelLoopFunctors\default_parallel_loop_custom_incrementer.h">
      <Filter>Header Files</Filter>
    </ClInclude>
    <ClInclude Include="EmuCore\CommonTypes\Timer.h">
      <Filter>Header Files</Filter>
    </ClInclude>
    <ClInclude Include="EmuCore\TMPHelpers\TimeTMP.h">
      <Filter>Header Files</Filter>
    </ClInclude>
    <ClInclude Include="EmuCore\CommonTypes\Stopwatch.h">
      <Filter>Header Files</Filter>
    </ClInclude>
    <ClInclude Include="EmuCore\TMPHelpers\SafeEnumFuncs.h">
      <Filter>Header Files</Filter>
    </ClInclude>
    <ClInclude Include="EmuMath\_do_not_manually_include\_noise\_noise_gen_functors\_common_fast_noise_gen_functors_includes.h">
      <Filter>Header Files</Filter>
    </ClInclude>
    <ClInclude Include="EmuMath\_do_not_manually_include\_noise\_noise_gen_functors\_simd_noise_gen_2d.h">
      <Filter>Header Files</Filter>
    </ClInclude>
    <ClInclude Include="EmuMath\_do_not_manually_include\_noise\_noise_gen_functors\_simd_noise_gen_1d.h">
      <Filter>Header Files</Filter>
    </ClInclude>
    <ClInclude Include="EmuMath\_do_not_manually_include\_vectors\_vector_t.h">
      <Filter>Header Files</Filter>
    </ClInclude>
    <ClInclude Include="EmuMath\_do_not_manually_include\_vectors\_underlying_helpers\_vector_tmp.h">
      <Filter>Header Files</Filter>
    </ClInclude>
    <ClInclude Include="EmuMath\_do_not_manually_include\_vectors\_helpers\_vector_helpers.h">
      <Filter>Header Files</Filter>
    </ClInclude>
    <ClInclude Include="EmuMath\_do_not_manually_include\_vectors\_helpers\_common_vector_helpers.h">
      <Filter>Header Files</Filter>
    </ClInclude>
    <ClInclude Include="EmuMath\_do_not_manually_include\_vectors\_underlying_helpers\_vector_info.h">
      <Filter>Header Files</Filter>
    </ClInclude>
    <ClInclude Include="EmuMath\_do_not_manually_include\_vectors\_underlying_helpers\_vector_get_underlying.h">
      <Filter>Header Files</Filter>
    </ClInclude>
    <ClInclude Include="EmuMath\_do_not_manually_include\_vectors\_helpers\_vector_get.h">
      <Filter>Header Files</Filter>
    </ClInclude>
    <ClInclude Include="EmuMath\_do_not_manually_include\_vectors\_underlying_helpers\_vector_set_underlying.h">
      <Filter>Header Files</Filter>
    </ClInclude>
    <ClInclude Include="EmuMath\_do_not_manually_include\_vectors\_helpers\_vector_set.h">
      <Filter>Header Files</Filter>
    </ClInclude>
    <ClInclude Include="EmuMath\_do_not_manually_include\_vectors\_underlying_helpers\_vector_stream_append_underlying.h">
      <Filter>Header Files</Filter>
    </ClInclude>
    <ClInclude Include="EmuMath\_do_not_manually_include\_vectors\_helpers\_vector_stream_append.h">
      <Filter>Header Files</Filter>
    </ClInclude>
    <ClInclude Include="EmuMath\_do_not_manually_include\_vectors\_underlying_helpers\_vector_copy_underlying.h">
      <Filter>Header Files</Filter>
    </ClInclude>
    <ClInclude Include="EmuMath\_do_not_manually_include\_vectors\_helpers\_vector_copy.h">
      <Filter>Header Files</Filter>
    </ClInclude>
    <ClInclude Include="EmuMath\_do_not_manually_include\_vectors\_underlying_helpers\_vector_mutation_underlying.h">
      <Filter>Header Files</Filter>
    </ClInclude>
    <ClInclude Include="EmuMath\_do_not_manually_include\_vectors\_helpers\_vector_mutation.h">
      <Filter>Header Files</Filter>
    </ClInclude>
    <ClInclude Include="EmuMath\_do_not_manually_include\_vectors\_helpers\_vector_basic_arithmetic.h">
      <Filter>Header Files</Filter>
    </ClInclude>
    <ClInclude Include="EmuMath\_do_not_manually_include\_vectors\_helpers\_vector_rounds.h">
      <Filter>Header Files</Filter>
    </ClInclude>
    <ClInclude Include="EmuCore\TMPHelpers\OperatorChecks.h">
      <Filter>Header Files</Filter>
    </ClInclude>
    <ClInclude Include="EmuCore\TMPHelpers\TypeObfuscation.h">
      <Filter>Header Files</Filter>
    </ClInclude>
    <ClInclude Include="EmuCore\TMPHelpers\VariadicHelpers.h">
      <Filter>Header Files</Filter>
    </ClInclude>
    <ClInclude Include="EmuMath\_do_not_manually_include\_vectors\_helpers\_vector_rounds_constexpr.h">
      <Filter>Header Files</Filter>
    </ClInclude>
    <ClInclude Include="EmuMath\_do_not_manually_include\_vectors\_helpers\_vector_misc_arithmetic.h">
      <Filter>Header Files</Filter>
    </ClInclude>
    <ClInclude Include="EmuMath\_do_not_manually_include\_vectors\_helpers\_vector_unary_arithmetic.h">
      <Filter>Header Files</Filter>
    </ClInclude>
    <ClInclude Include="EmuMath\_do_not_manually_include\_vectors\_helpers\_vector_bitwise.h">
      <Filter>Header Files</Filter>
    </ClInclude>
    <ClInclude Include="EmuMath\_do_not_manually_include\_vectors\_helpers\_vector_basic_arithmetic_assign.h">
      <Filter>Header Files</Filter>
    </ClInclude>
    <ClInclude Include="EmuMath\_do_not_manually_include\_vectors\_helpers\_vector_bitwise_assign.h">
      <Filter>Header Files</Filter>
    </ClInclude>
    <ClInclude Include="EmuMath\_do_not_manually_include\_vectors\_underlying_helpers\_vector_special_operations_underlying.h">
      <Filter>Header Files</Filter>
    </ClInclude>
    <ClInclude Include="EmuMath\_do_not_manually_include\_vectors\_helpers\_vector_special_operations.h">
      <Filter>Header Files</Filter>
    </ClInclude>
    <ClInclude Include="EmuMath\_do_not_manually_include\_vectors\_underlying_helpers\_vector_misc_arithmetic_underlying.h">
      <Filter>Header Files</Filter>
    </ClInclude>
    <ClInclude Include="EmuMath\_do_not_manually_include\_vectors\_helpers\_vector_cast.h">
      <Filter>Header Files</Filter>
    </ClInclude>
    <ClInclude Include="EmuMath\_do_not_manually_include\_vectors\_underlying_helpers\_vector_cast_underlying.h">
      <Filter>Header Files</Filter>
    </ClInclude>
    <ClInclude Include="EmuMath\_do_not_manually_include\_vectors\_underlying_helpers\_vector_cmp_underlying.h">
      <Filter>Header Files</Filter>
    </ClInclude>
    <ClInclude Include="EmuMath\_do_not_manually_include\_vectors\_helpers\_vector_cmp.h">
      <Filter>Header Files</Filter>
    </ClInclude>
    <ClInclude Include="EmuCore\TMPHelpers\StdAliases.h">
      <Filter>Header Files</Filter>
    </ClInclude>
    <ClInclude Include="EmuMath\_do_not_manually_include\_matrix\_matrix_t.h">
      <Filter>Header Files</Filter>
    </ClInclude>
    <ClInclude Include="EmuMath\_do_not_manually_include\_matrix\_underlying_helpers\_matrix_tmp.h">
      <Filter>Header Files</Filter>
    </ClInclude>
    <ClInclude Include="EmuMath\_do_not_manually_include\_matrix\_underlying_helpers\_matrix.info.h">
      <Filter>Header Files</Filter>
    </ClInclude>
    <ClInclude Include="EmuMath\Matrix.h">
      <Filter>Header Files</Filter>
    </ClInclude>
    <ClInclude Include="EmuMath\_do_not_manually_include\_matrix\_underlying_helpers\_matrix_underlying_stream_append.h">
      <Filter>Header Files</Filter>
    </ClInclude>
    <ClInclude Include="EmuMath\_do_not_manually_include\_matrix\_helpers\_matrix_stream_append.h">
      <Filter>Header Files</Filter>
    </ClInclude>
    <ClInclude Include="EmuMath\_do_not_manually_include\_matrix\_helpers\_common_matrix_helper_includes.h">
      <Filter>Header Files</Filter>
    </ClInclude>
    <ClInclude Include="EmuMath\_do_not_manually_include\_matrix\_helpers\_all_matrix_helpers.h">
      <Filter>Header Files</Filter>
    </ClInclude>
  </ItemGroup>
</Project>